
Microsoft Visual Studio Solution File, Format Version 12.00
# Visual Studio Version 17
VisualStudioVersion = 17.14.36109.1
MinimumVisualStudioVersion = 10.0.40219.1
Project("{FAE04EC0-301F-11D3-BF4B-00C04F79EFBC}") = "PART11OOP", "PART11OOP\PART11OOP.csproj", "{95D46422-A525-400A-9832-291CDCEF90F2}"
EndProject
Project("{FAE04EC0-301F-11D3-BF4B-00C04F79EFBC}") = "ClassLibrary", "ClassLibrary\ClassLibrary.csproj", "{B71F5A4F-A9E3-4DC1-A088-54BEB449F620}"
EndProject
Global
	GlobalSection(SolutionConfigurationPlatforms) = preSolution
		Debug|Any CPU = Debug|Any CPU
		Release|Any CPU = Release|Any CPU
	EndGlobalSection
	GlobalSection(ProjectConfigurationPlatforms) = postSolution
		{95D46422-A525-400A-9832-291CDCEF90F2}.Debug|Any CPU.ActiveCfg = Debug|Any CPU
		{95D46422-A525-400A-9832-291CDCEF90F2}.Debug|Any CPU.Build.0 = Debug|Any CPU
		{95D46422-A525-400A-9832-291CDCEF90F2}.Release|Any CPU.ActiveCfg = Release|Any CPU
		{95D46422-A525-400A-9832-291CDCEF90F2}.Release|Any CPU.Build.0 = Release|Any CPU
		{B71F5A4F-A9E3-4DC1-A088-54BEB449F620}.Debug|Any CPU.ActiveCfg = Debug|Any CPU
		{B71F5A4F-A9E3-4DC1-A088-54BEB449F620}.Debug|Any CPU.Build.0 = Debug|Any CPU
		{B71F5A4F-A9E3-4DC1-A088-54BEB449F620}.Release|Any CPU.ActiveCfg = Release|Any CPU
		{B71F5A4F-A9E3-4DC1-A088-54BEB449F620}.Release|Any CPU.Build.0 = Release|Any CPU
	EndGlobalSection
	GlobalSection(SolutionProperties) = preSolution
		HideSolutionNode = FALSE
	EndGlobalSection
	GlobalSection(ExtensibilityGlobals) = postSolution
		SolutionGuid = {2E958407-940C-4F53-8DEE-2BFC8E7627AC}
	EndGlobalSection
EndGlobal
