<Solution>
  <Folder Name="/docs/">
    <File Path="docs/00-roadmap.md" />
    <File Path="docs/01-dbcontext-modeling-unit-of-work.md" />
    <File Path="docs/02-migrations-schema-evolution.md" />
    <File Path="docs/03-change-tracking-disconnected-updates.md" />
    <File Path="docs/04-querying-loading-performance.md" />
    <File Path="docs/05-relationships-graph-loading.md" />
    <File Path="docs/06-optimistic-concurrency-conflict-resolution.md" />
    <File Path="docs/07-transactions-savepoints-retries-outbox.md" />
    <File Path="docs/08-set-based-operations-raw-sql-interceptors.md" />
    <File Path="docs/09-compiled-queries-diagnostics-provider-testing.md" />
    <File Path="docs/10-completion-audit.md" />
  </Folder>
  <Folder Name="/src/">
    <Project Path="src/Learning.Persistence/Learning.Persistence.csproj" />
  </Folder>
  <Folder Name="/tests/">
    <Project Path="tests/Learning.Persistence.Tests/Learning.Persistence.Tests.csproj" />
  </Folder>
</Solution>
