Microsoft Visual Studio Solution File, Format Version 12.00
# Visual Studio Version 17
VisualStudioVersion = 17.5.2.0
MinimumVisualStudioVersion = 10.0.40219.1
Project("{FAE04EC0-301F-11D3-BF4B-00C04F79EFBC}") = "ArraysAndStrings", "ArraysAndStrings.csproj", "{2DFAAB8A-AA3C-A476-FEE1-EFCA13268283}"
EndProject
Global
	GlobalSection(SolutionConfigurationPlatforms) = preSolution
		Debug|Any CPU = Debug|Any CPU
		Release|Any CPU = Release|Any CPU
	EndGlobalSection
	GlobalSection(ProjectConfigurationPlatforms) = postSolution
		{2DFAAB8A-AA3C-A476-FEE1-EFCA13268283}.Debug|Any CPU.ActiveCfg = Debug|Any CPU
		{2DFAAB8A-AA3C-A476-FEE1-EFCA13268283}.Debug|Any CPU.Build.0 = Debug|Any CPU
		{2DFAAB8A-AA3C-A476-FEE1-EFCA13268283}.Release|Any CPU.ActiveCfg = Release|Any CPU
		{2DFAAB8A-AA3C-A476-FEE1-EFCA13268283}.Release|Any CPU.Build.0 = Release|Any CPU
	EndGlobalSection
	GlobalSection(SolutionProperties) = preSolution
		HideSolutionNode = FALSE
	EndGlobalSection
	GlobalSection(ExtensibilityGlobals) = postSolution
		SolutionGuid = {1367AD9A-D714-47D9-A299-358B44C203E7}
	EndGlobalSection
EndGlobal
