
Microsoft Visual Studio Solution File, Format Version 12.00
# Visual Studio Version 17
VisualStudioVersion = 17.14.36109.1
MinimumVisualStudioVersion = 10.0.40219.1
Project("{FAE04EC0-301F-11D3-BF4B-00C04F79EFBC}") = "TestDome", "TestDome\TestDome.csproj", "{818E0A18-76D0-4A0D-9327-961F71BEF487}"
EndProject
Project("{FAE04EC0-301F-11D3-BF4B-00C04F79EFBC}") = "RemoveDuplicates", "RemoveDuplicates\RemoveDuplicates.csproj", "{424F8F87-C8E0-4E01-82B6-45CF752CB61F}"
EndProject
Project("{FAE04EC0-301F-11D3-BF4B-00C04F79EFBC}") = "MalwareAnalysis", "MalwareAnalysis\MalwareAnalysis.csproj", "{CD63246A-E9D4-4125-ADE2-A612BDDE0456}"
EndProject
Project("{FAE04EC0-301F-11D3-BF4B-00C04F79EFBC}") = "FirstUniqueChar", "FirstUniqueChar\FirstUniqueChar.csproj", "{0DA4650E-C8E2-48AB-B8AD-7F2F9FF98167}"
EndProject
Project("{FAE04EC0-301F-11D3-BF4B-00C04F79EFBC}") = "ValidParentheses", "ValidParentheses\ValidParentheses.csproj", "{91F63F12-EB96-47AF-9F4E-FD91DA914E53}"
EndProject
Global
	GlobalSection(SolutionConfigurationPlatforms) = preSolution
		Debug|Any CPU = Debug|Any CPU
		Release|Any CPU = Release|Any CPU
	EndGlobalSection
	GlobalSection(ProjectConfigurationPlatforms) = postSolution
		{818E0A18-76D0-4A0D-9327-961F71BEF487}.Debug|Any CPU.ActiveCfg = Debug|Any CPU
		{818E0A18-76D0-4A0D-9327-961F71BEF487}.Debug|Any CPU.Build.0 = Debug|Any CPU
		{818E0A18-76D0-4A0D-9327-961F71BEF487}.Release|Any CPU.ActiveCfg = Release|Any CPU
		{818E0A18-76D0-4A0D-9327-961F71BEF487}.Release|Any CPU.Build.0 = Release|Any CPU
		{424F8F87-C8E0-4E01-82B6-45CF752CB61F}.Debug|Any CPU.ActiveCfg = Debug|Any CPU
		{424F8F87-C8E0-4E01-82B6-45CF752CB61F}.Debug|Any CPU.Build.0 = Debug|Any CPU
		{424F8F87-C8E0-4E01-82B6-45CF752CB61F}.Release|Any CPU.ActiveCfg = Release|Any CPU
		{424F8F87-C8E0-4E01-82B6-45CF752CB61F}.Release|Any CPU.Build.0 = Release|Any CPU
		{CD63246A-E9D4-4125-ADE2-A612BDDE0456}.Debug|Any CPU.ActiveCfg = Debug|Any CPU
		{CD63246A-E9D4-4125-ADE2-A612BDDE0456}.Debug|Any CPU.Build.0 = Debug|Any CPU
		{CD63246A-E9D4-4125-ADE2-A612BDDE0456}.Release|Any CPU.ActiveCfg = Release|Any CPU
		{CD63246A-E9D4-4125-ADE2-A612BDDE0456}.Release|Any CPU.Build.0 = Release|Any CPU
		{0DA4650E-C8E2-48AB-B8AD-7F2F9FF98167}.Debug|Any CPU.ActiveCfg = Debug|Any CPU
		{0DA4650E-C8E2-48AB-B8AD-7F2F9FF98167}.Debug|Any CPU.Build.0 = Debug|Any CPU
		{0DA4650E-C8E2-48AB-B8AD-7F2F9FF98167}.Release|Any CPU.ActiveCfg = Release|Any CPU
		{0DA4650E-C8E2-48AB-B8AD-7F2F9FF98167}.Release|Any CPU.Build.0 = Release|Any CPU
		{91F63F12-EB96-47AF-9F4E-FD91DA914E53}.Debug|Any CPU.ActiveCfg = Debug|Any CPU
		{91F63F12-EB96-47AF-9F4E-FD91DA914E53}.Debug|Any CPU.Build.0 = Debug|Any CPU
		{91F63F12-EB96-47AF-9F4E-FD91DA914E53}.Release|Any CPU.ActiveCfg = Release|Any CPU
		{91F63F12-EB96-47AF-9F4E-FD91DA914E53}.Release|Any CPU.Build.0 = Release|Any CPU
	EndGlobalSection
	GlobalSection(SolutionProperties) = preSolution
		HideSolutionNode = FALSE
	EndGlobalSection
	GlobalSection(ExtensibilityGlobals) = postSolution
		SolutionGuid = {BB29786E-092B-425C-B386-20F9CE560845}
	EndGlobalSection
EndGlobal
